
Microsoft Visual Studio Solution File, Format Version 12.00
# Visual Studio 15
VisualStudioVersion = 15.0.28307.421
MinimumVisualStudioVersion = 10.0.40219.1
Project("{FAE04EC0-301F-11D3-BF4B-00C04F79EFBC}") = "BinaryGap", "BinaryGap\BinaryGap.csproj", "{50F33621-6056-4834-8DE9-F513F17556A9}"
EndProject
Project("{FAE04EC0-301F-11D3-BF4B-00C04F79EFBC}") = "GenerateString", "GenerateString\GenerateString.csproj", "{222BD618-BE60-4067-A141-6CC8AAFD941B}"
EndProject
Project("{FAE04EC0-301F-11D3-BF4B-00C04F79EFBC}") = "Nesting", "Nesting\Nesting.csproj", "{DE08F99B-7B40-42EB-8305-46FE50489942}"
EndProject
Project("{FAE04EC0-301F-11D3-BF4B-00C04F79EFBC}") = "Peaks", "Peaks\Peaks.csproj", "{93928A5E-C095-4E3D-BCD9-A3C6B1FF86A8}"
EndProject
Project("{FAE04EC0-301F-11D3-BF4B-00C04F79EFBC}") = "MaxCounters", "MaxCounter\MaxCounters.csproj", "{A9D6E0FF-B2AD-4C3E-ADF8-6D83ABD2080B}"
EndProject
Global
	GlobalSection(SolutionConfigurationPlatforms) = preSolution
		Debug|Any CPU = Debug|Any CPU
		Release|Any CPU = Release|Any CPU
	EndGlobalSection
	GlobalSection(ProjectConfigurationPlatforms) = postSolution
		{50F33621-6056-4834-8DE9-F513F17556A9}.Debug|Any CPU.ActiveCfg = Debug|Any CPU
		{50F33621-6056-4834-8DE9-F513F17556A9}.Debug|Any CPU.Build.0 = Debug|Any CPU
		{50F33621-6056-4834-8DE9-F513F17556A9}.Release|Any CPU.ActiveCfg = Release|Any CPU
		{50F33621-6056-4834-8DE9-F513F17556A9}.Release|Any CPU.Build.0 = Release|Any CPU
		{222BD618-BE60-4067-A141-6CC8AAFD941B}.Debug|Any CPU.ActiveCfg = Debug|Any CPU
		{222BD618-BE60-4067-A141-6CC8AAFD941B}.Debug|Any CPU.Build.0 = Debug|Any CPU
		{222BD618-BE60-4067-A141-6CC8AAFD941B}.Release|Any CPU.ActiveCfg = Release|Any CPU
		{222BD618-BE60-4067-A141-6CC8AAFD941B}.Release|Any CPU.Build.0 = Release|Any CPU
		{DE08F99B-7B40-42EB-8305-46FE50489942}.Debug|Any CPU.ActiveCfg = Debug|Any CPU
		{DE08F99B-7B40-42EB-8305-46FE50489942}.Debug|Any CPU.Build.0 = Debug|Any CPU
		{DE08F99B-7B40-42EB-8305-46FE50489942}.Release|Any CPU.ActiveCfg = Release|Any CPU
		{DE08F99B-7B40-42EB-8305-46FE50489942}.Release|Any CPU.Build.0 = Release|Any CPU
		{93928A5E-C095-4E3D-BCD9-A3C6B1FF86A8}.Debug|Any CPU.ActiveCfg = Debug|Any CPU
		{93928A5E-C095-4E3D-BCD9-A3C6B1FF86A8}.Debug|Any CPU.Build.0 = Debug|Any CPU
		{93928A5E-C095-4E3D-BCD9-A3C6B1FF86A8}.Release|Any CPU.ActiveCfg = Release|Any CPU
		{93928A5E-C095-4E3D-BCD9-A3C6B1FF86A8}.Release|Any CPU.Build.0 = Release|Any CPU
		{A9D6E0FF-B2AD-4C3E-ADF8-6D83ABD2080B}.Debug|Any CPU.ActiveCfg = Debug|Any CPU
		{A9D6E0FF-B2AD-4C3E-ADF8-6D83ABD2080B}.Debug|Any CPU.Build.0 = Debug|Any CPU
		{A9D6E0FF-B2AD-4C3E-ADF8-6D83ABD2080B}.Release|Any CPU.ActiveCfg = Release|Any CPU
		{A9D6E0FF-B2AD-4C3E-ADF8-6D83ABD2080B}.Release|Any CPU.Build.0 = Release|Any CPU
	EndGlobalSection
	GlobalSection(SolutionProperties) = preSolution
		HideSolutionNode = FALSE
	EndGlobalSection
	GlobalSection(ExtensibilityGlobals) = postSolution
		SolutionGuid = {B0835E74-10B4-4567-9B8A-4DBB84BF7D87}
	EndGlobalSection
EndGlobal
